// !$*UTF8*$!
{
	archiveVersion = 1;
	classes = {
	};
	objectVersion = 46;
	objects = {

/* Begin PBXBuildFile section */
		4B71F79014A5B08C00D26F4C /* UIKit.framework in Frameworks */ = {isa = PBXBuildFile; fileRef = 4B71F78F14A5B08C00D26F4C /* UIKit.framework */; };
		4B71F79214A5B08C00D26F4C /* Foundation.framework in Frameworks */ = {isa = PBXBuildFile; fileRef = 4B71F79114A5B08C00D26F4C /* Foundation.framework */; };
		4B71F79414A5B08C00D26F4C /* CoreGraphics.framework in Frameworks */ = {isa = PBXBuildFile; fileRef = 4B71F79314A5B08C00D26F4C /* CoreGraphics.framework */; };
		4B71F79A14A5B08C00D26F4C /* InfoPlist.strings in Resources */ = {isa = PBXBuildFile; fileRef = 4B71F79814A5B08C00D26F4C /* InfoPlist.strings */; };
		4B71F79C14A5B08C00D26F4C /* main.m in Sources */ = {isa = PBXBuildFile; fileRef = 4B71F79B14A5B08C00D26F4C /* main.m */; };
		4B71F7A014A5B08C00D26F4C /* SVAppDelegate.m in Sources */ = {isa = PBXBuildFile; fileRef = 4B71F79F14A5B08C00D26F4C /* SVAppDelegate.m */; };
		4B71F7A314A5B08C00D26F4C /* MainStoryboard.storyboard in Resources */ = {isa = PBXBuildFile; fileRef = 4B71F7A114A5B08C00D26F4C /* MainStoryboard.storyboard */; };
		4B71F7A614A5B08C00D26F4C /* SVViewController.m in Sources */ = {isa = PBXBuildFile; fileRef = 4B71F7A514A5B08C00D26F4C /* SVViewController.m */; };
		4B71F7AE14A5B08C00D26F4C /* SenTestingKit.framework in Frameworks */ = {isa = PBXBuildFile; fileRef = 4B71F7AD14A5B08C00D26F4C /* SenTestingKit.framework */; };
		4B71F7AF14A5B08C00D26F4C /* UIKit.framework in Frameworks */ = {isa = PBXBuildFile; fileRef = 4B71F78F14A5B08C00D26F4C /* UIKit.framework */; };
		4B71F7B014A5B08C00D26F4C /* Foundation.framework in Frameworks */ = {isa = PBXBuildFile; fileRef = 4B71F79114A5B08C00D26F4C /* Foundation.framework */; };
		4B71F7B814A5B08C00D26F4C /* InfoPlist.strings in Resources */ = {isa = PBXBuildFile; fileRef = 4B71F7B614A5B08C00D26F4C /* InfoPlist.strings */; };
		4B71F7BB14A5B08C00D26F4C /* podsterTests.m in Sources */ = {isa = PBXBuildFile; fileRef = 4B71F7BA14A5B08C00D26F4C /* podsterTests.m */; };
/* End PBXBuildFile section */

/* Begin PBXContainerItemProxy section */
		4B71F7B114A5B08C00D26F4C /* PBXContainerItemProxy */ = {
			isa = PBXContainerItemProxy;
			containerPortal = 4B71F78214A5B08C00D26F4C /* Project object */;
			proxyType = 1;
			remoteGlobalIDString = 4B71F78A14A5B08C00D26F4C;
			remoteInfo = podster;
		};
/* End PBXContainerItemProxy section */

/* Begin PBXFileReference section */
		4B71F78B14A5B08C00D26F4C /* podster.app */ = {isa = PBXFileReference; explicitFileType = wrapper.application; includeInIndex = 0; path = podster.app; sourceTree = BUILT_PRODUCTS_DIR; };
		4B71F78F14A5B08C00D26F4C /* UIKit.framework */ = {isa = PBXFileReference; lastKnownFileType = wrapper.framework; name = UIKit.framework; path = System/Library/Frameworks/UIKit.framework; sourceTree = SDKROOT; };
		4B71F79114A5B08C00D26F4C /* Foundation.framework */ = {isa = PBXFileReference; lastKnownFileType = wrapper.framework; name = Foundation.framework; path = System/Library/Frameworks/Foundation.framework; sourceTree = SDKROOT; };
		4B71F79314A5B08C00D26F4C /* CoreGraphics.framework */ = {isa = PBXFileReference; lastKnownFileType = wrapper.framework; name = CoreGraphics.framework; path = System/Library/Frameworks/CoreGraphics.framework; sourceTree = SDKROOT; };
		4B71F79714A5B08C00D26F4C /* podster-Info.plist */ = {isa = PBXFileReference; path = "podster-Info.plist"; sourceTree = "<group>"; };
		4B71F79914A5B08C00D26F4C /* en */ = {isa = PBXFileReference; lastKnownFileType = text.plist.strings; name = en; path = en.lproj/InfoPlist.strings; sourceTree = "<group>"; };
		4B71F79B14A5B08C00D26F4C /* main.m */ = {isa = PBXFileReference; lastKnownFileType = sourcecode.c.objc; path = main.m; sourceTree = "<group>"; };
		4B71F79D14A5B08C00D26F4C /* podster-Prefix.pch */ = {isa = PBXFileReference; path = "podster-Prefix.pch"; sourceTree = "<group>"; };
		4B71F79E14A5B08C00D26F4C /* SVAppDelegate.h */ = {isa = PBXFileReference; path = SVAppDelegate.h; sourceTree = "<group>"; };
		4B71F79F14A5B08C00D26F4C /* SVAppDelegate.m */ = {isa = PBXFileReference; lastKnownFileType = sourcecode.c.objc; path = SVAppDelegate.m; sourceTree = "<group>"; };
		4B71F7A214A5B08C00D26F4C /* en */ = {isa = PBXFileReference; lastKnownFileType = file.storyboard; name = en; path = en.lproj/MainStoryboard.storyboard; sourceTree = "<group>"; };
		4B71F7A414A5B08C00D26F4C /* SVViewController.h */ = {isa = PBXFileReference; path = SVViewController.h; sourceTree = "<group>"; };
		4B71F7A514A5B08C00D26F4C /* SVViewController.m */ = {isa = PBXFileReference; lastKnownFileType = sourcecode.c.objc; path = SVViewController.m; sourceTree = "<group>"; };
		4B71F7AC14A5B08C00D26F4C /* podsterTests.octest */ = {isa = PBXFileReference; explicitFileType = wrapper.cfbundle; includeInIndex = 0; path = podsterTests.octest; sourceTree = BUILT_PRODUCTS_DIR; };
		4B71F7AD14A5B08C00D26F4C /* SenTestingKit.framework */ = {isa = PBXFileReference; lastKnownFileType = wrapper.framework; name = SenTestingKit.framework; path = Library/Frameworks/SenTestingKit.framework; sourceTree = DEVELOPER_DIR; };
		4B71F7B514A5B08C00D26F4C /* podsterTests-Info.plist */ = {isa = PBXFileReference; path = "podsterTests-Info.plist"; sourceTree = "<group>"; };
		4B71F7B714A5B08C00D26F4C /* en */ = {isa = PBXFileReference; lastKnownFileType = text.plist.strings; name = en; path = en.lproj/InfoPlist.strings; sourceTree = "<group>"; };
		4B71F7B914A5B08C00D26F4C /* podsterTests.h */ = {isa = PBXFileReference; path = podsterTests.h; sourceTree = "<group>"; };
		4B71F7BA14A5B08C00D26F4C /* podsterTests.m */ = {isa = PBXFileReference; lastKnownFileType = sourcecode.c.objc; path = podsterTests.m; sourceTree = "<group>"; };
/* End PBXFileReference section */

/* Begin PBXFrameworksBuildPhase section */
		4B71F78814A5B08C00D26F4C /* Frameworks */ = {
			isa = PBXFrameworksBuildPhase;
			buildActionMask = 2147483647;
			files = (
				4B71F79014A5B08C00D26F4C /* UIKit.framework in Frameworks */,
				4B71F79214A5B08C00D26F4C /* Foundation.framework in Frameworks */,
				4B71F79414A5B08C00D26F4C /* CoreGraphics.framework in Frameworks */,
			);
			runOnlyForDeploymentPostprocessing = 0;
		};
		4B71F7A814A5B08C00D26F4C /* Frameworks */ = {
			isa = PBXFrameworksBuildPhase;
			buildActionMask = 2147483647;
			files = (
				4B71F7AE14A5B08C00D26F4C /* SenTestingKit.framework in Frameworks */,
				4B71F7AF14A5B08C00D26F4C /* UIKit.framework in Frameworks */,
				4B71F7B014A5B08C00D26F4C /* Foundation.framework in Frameworks */,
			);
			runOnlyForDeploymentPostprocessing = 0;
		};
/* End PBXFrameworksBuildPhase section */

/* Begin PBXGroup section */
		4B71F78014A5B08C00D26F4C = {
			isa = PBXGroup;
			children = (
				4B71F79514A5B08C00D26F4C /* podster */,
				4B71F7B314A5B08C00D26F4C /* podsterTests */,
				4B71F78E14A5B08C00D26F4C /* Frameworks */,
				4B71F78C14A5B08C00D26F4C /* Products */,
			);
			sourceTree = "<group>";
		};
		4B71F78C14A5B08C00D26F4C /* Products */ = {
			isa = PBXGroup;
			children = (
				4B71F78B14A5B08C00D26F4C /* podster.app */,
				4B71F7AC14A5B08C00D26F4C /* podsterTests.octest */,
			);
			name = Products;
			sourceTree = "<group>";
		};
		4B71F78E14A5B08C00D26F4C /* Frameworks */ = {
			isa = PBXGroup;
			children = (
				4B71F78F14A5B08C00D26F4C /* UIKit.framework */,
				4B71F79114A5B08C00D26F4C /* Foundation.framework */,
				4B71F79314A5B08C00D26F4C /* CoreGraphics.framework */,
				4B71F7AD14A5B08C00D26F4C /* SenTestingKit.framework */,
			);
			name = Frameworks;
			sourceTree = "<group>";
		};
		4B71F79514A5B08C00D26F4C /* podster */ = {
			isa = PBXGroup;
			children = (
				4B71F79E14A5B08C00D26F4C /* SVAppDelegate.h */,
				4B71F79F14A5B08C00D26F4C /* SVAppDelegate.m */,
				4B71F7A114A5B08C00D26F4C /* MainStoryboard.storyboard */,
				4B71F7A414A5B08C00D26F4C /* SVViewController.h */,
				4B71F7A514A5B08C00D26F4C /* SVViewController.m */,
				4B71F79614A5B08C00D26F4C /* Supporting Files */,
			);
			path = podster;
			sourceTree = "<group>";
		};
		4B71F79614A5B08C00D26F4C /* Supporting Files */ = {
			isa = PBXGroup;
			children = (
				4B71F79714A5B08C00D26F4C /* podster-Info.plist */,
				4B71F79814A5B08C00D26F4C /* InfoPlist.strings */,
				4B71F79B14A5B08C00D26F4C /* main.m */,
				4B71F79D14A5B08C00D26F4C /* podster-Prefix.pch */,
			);
			name = "Supporting Files";
			sourceTree = "<group>";
		};
		4B71F7B314A5B08C00D26F4C /* podsterTests */ = {
			isa = PBXGroup;
			children = (
				4B71F7B914A5B08C00D26F4C /* podsterTests.h */,
				4B71F7BA14A5B08C00D26F4C /* podsterTests.m */,
				4B71F7B414A5B08C00D26F4C /* Supporting Files */,
			);
			path = podsterTests;
			sourceTree = "<group>";
		};
		4B71F7B414A5B08C00D26F4C /* Supporting Files */ = {
			isa = PBXGroup;
			children = (
				4B71F7B514A5B08C00D26F4C /* podsterTests-Info.plist */,
				4B71F7B614A5B08C00D26F4C /* InfoPlist.strings */,
			);
			name = "Supporting Files";
			sourceTree = "<group>";
		};
/* End PBXGroup section */

/* Begin PBXNativeTarget section */
		4B71F78A14A5B08C00D26F4C /* podster */ = {
			isa = PBXNativeTarget;
			buildConfigurationList = 4B71F7BE14A5B08C00D26F4C /* Build configuration list for PBXNativeTarget "podster" */;
			buildPhases = (
				4B71F78714A5B08C00D26F4C /* Sources */,
				4B71F78814A5B08C00D26F4C /* Frameworks */,
				4B71F78914A5B08C00D26F4C /* Resources */,
			);
			buildRules = (
			);
			dependencies = (
			);
			name = podster;
			productName = podster;
			productReference = 4B71F78B14A5B08C00D26F4C /* podster.app */;
			productType = "com.apple.product-type.application";
		};
		4B71F7AB14A5B08C00D26F4C /* podsterTests */ = {
			isa = PBXNativeTarget;
			buildConfigurationList = 4B71F7C114A5B08C00D26F4C /* Build configuration list for PBXNativeTarget "podsterTests" */;
			buildPhases = (
				4B71F7A714A5B08C00D26F4C /* Sources */,
				4B71F7A814A5B08C00D26F4C /* Frameworks */,
				4B71F7A914A5B08C00D26F4C /* Resources */,
				4B71F7AA14A5B08C00D26F4C /* ShellScript */,
			);
			buildRules = (
			);
			dependencies = (
				4B71F7B214A5B08C00D26F4C /* PBXTargetDependency */,
			);
			name = podsterTests;
			productName = podsterTests;
			productReference = 4B71F7AC14A5B08C00D26F4C /* podsterTests.octest */;
			productType = "com.apple.product-type.bundle";
		};
/* End PBXNativeTarget section */

/* Begin PBXProject section */
		4B71F78214A5B08C00D26F4C /* Project object */ = {
			isa = PBXProject;
			attributes = {
				LastUpgradeCheck = 0420;
			};
			buildConfigurationList = 4B71F78514A5B08C00D26F4C /* Build configuration list for PBXProject "podster" */;
			compatibilityVersion = "Xcode 3.2";
			developmentRegion = English;
			hasScannedForEncodings = 0;
			knownRegions = (
				en,
			);
			mainGroup = 4B71F78014A5B08C00D26F4C;
			productRefGroup = 4B71F78C14A5B08C00D26F4C /* Products */;
			projectDirPath = "";
			projectRoot = "";
			targets = (
				4B71F78A14A5B08C00D26F4C /* podster */,
				4B71F7AB14A5B08C00D26F4C /* podsterTests */,
			);
		};
/* End PBXProject section */

/* Begin PBXResourcesBuildPhase section */
		4B71F78914A5B08C00D26F4C /* Resources */ = {
			isa = PBXResourcesBuildPhase;
			buildActionMask = 2147483647;
			files = (
				4B71F79A14A5B08C00D26F4C /* InfoPlist.strings in Resources */,
				4B71F7A314A5B08C00D26F4C /* MainStoryboard.storyboard in Resources */,
			);
			runOnlyForDeploymentPostprocessing = 0;
		};
		4B71F7A914A5B08C00D26F4C /* Resources */ = {
			isa = PBXResourcesBuildPhase;
			buildActionMask = 2147483647;
			files = (
				4B71F7B814A5B08C00D26F4C /* InfoPlist.strings in Resources */,
			);
			runOnlyForDeploymentPostprocessing = 0;
		};
/* End PBXResourcesBuildPhase section */

/* Begin PBXShellScriptBuildPhase section */
		4B71F7AA14A5B08C00D26F4C /* ShellScript */ = {
			isa = PBXShellScriptBuildPhase;
			buildActionMask = 2147483647;
			files = (
			);
			inputPaths = (
			);
			outputPaths = (
			);
			runOnlyForDeploymentPostprocessing = 0;
			shellPath = /bin/sh;
			shellScript = "# Run the unit tests in this test bundle.\n\"${SYSTEM_DEVELOPER_DIR}/Tools/RunUnitTests\"\n";
		};
/* End PBXShellScriptBuildPhase section */

/* Begin PBXSourcesBuildPhase section */
		4B71F78714A5B08C00D26F4C /* Sources */ = {
			isa = PBXSourcesBuildPhase;
			buildActionMask = 2147483647;
			files = (
				4B71F79C14A5B08C00D26F4C /* main.m in Sources */,
				4B71F7A014A5B08C00D26F4C /* SVAppDelegate.m in Sources */,
				4B71F7A614A5B08C00D26F4C /* SVViewController.m in Sources */,
			);
			runOnlyForDeploymentPostprocessing = 0;
		};
		4B71F7A714A5B08C00D26F4C /* Sources */ = {
			isa = PBXSourcesBuildPhase;
			buildActionMask = 2147483647;
			files = (
				4B71F7BB14A5B08C00D26F4C /* podsterTests.m in Sources */,
			);
			runOnlyForDeploymentPostprocessing = 0;
		};
/* End PBXSourcesBuildPhase section */

/* Begin PBXTargetDependency section */
		4B71F7B214A5B08C00D26F4C /* PBXTargetDependency */ = {
			isa = PBXTargetDependency;
			target = 4B71F78A14A5B08C00D26F4C /* podster */;
			targetProxy = 4B71F7B114A5B08C00D26F4C /* PBXContainerItemProxy */;
		};
/* End PBXTargetDependency section */

/* Begin PBXVariantGroup section */
		4B71F79814A5B08C00D26F4C /* InfoPlist.strings */ = {
			isa = PBXVariantGroup;
			children = (
				4B71F79914A5B08C00D26F4C /* en */,
			);
			name = InfoPlist.strings;
			sourceTree = "<group>";
		};
		4B71F7A114A5B08C00D26F4C /* MainStoryboard.storyboard */ = {
			isa = PBXVariantGroup;
			children = (
				4B71F7A214A5B08C00D26F4C /* en */,
			);
			name = MainStoryboard.storyboard;
			sourceTree = "<group>";
		};
		4B71F7B614A5B08C00D26F4C /* InfoPlist.strings */ = {
			isa = PBXVariantGroup;
			children = (
				4B71F7B714A5B08C00D26F4C /* en */,
			);
			name = InfoPlist.strings;
			sourceTree = "<group>";
		};
/* End PBXVariantGroup section */

/* Begin XCBuildConfiguration section */
		4B71F7BC14A5B08C00D26F4C /* Debug */ = {
			isa = XCBuildConfiguration;
			buildSettings = {
				ALWAYS_SEARCH_USER_PATHS = NO;
				ARCHS = "$(ARCHS_STANDARD_32_BIT)";
				CLANG_ENABLE_OBJC_ARC = YES;
				"CODE_SIGN_IDENTITY[sdk=iphoneos*]" = "iPhone Developer";
				COPY_PHASE_STRIP = NO;
				GCC_C_LANGUAGE_STANDARD = gnu99;
				GCC_DYNAMIC_NO_PIC = NO;
				GCC_OPTIMIZATION_LEVEL = 0;
				GCC_PREPROCESSOR_DEFINITIONS = (
					"DEBUG=1",
					"$(inherited)",
				);
				GCC_SYMBOLS_PRIVATE_EXTERN = NO;
				GCC_VERSION = com.apple.compilers.llvm.clang.1_0;
				GCC_WARN_ABOUT_MISSING_PROTOTYPES = YES;
				GCC_WARN_ABOUT_RETURN_TYPE = YES;
				GCC_WARN_UNUSED_VARIABLE = YES;
				IPHONEOS_DEPLOYMENT_TARGET = 5.0;
				SDKROOT = iphoneos;
			};
			name = Debug;
		};
		4B71F7BD14A5B08C00D26F4C /* Release */ = {
			isa = XCBuildConfiguration;
			buildSettings = {
				ALWAYS_SEARCH_USER_PATHS = NO;
				ARCHS = "$(ARCHS_STANDARD_32_BIT)";
				CLANG_ENABLE_OBJC_ARC = YES;
				"CODE_SIGN_IDENTITY[sdk=iphoneos*]" = "iPhone Developer";
				COPY_PHASE_STRIP = YES;
				GCC_C_LANGUAGE_STANDARD = gnu99;
				GCC_VERSION = com.apple.compilers.llvm.clang.1_0;
				GCC_WARN_ABOUT_MISSING_PROTOTYPES = YES;
				GCC_WARN_ABOUT_RETURN_TYPE = YES;
				GCC_WARN_UNUSED_VARIABLE = YES;
				IPHONEOS_DEPLOYMENT_TARGET = 5.0;
				OTHER_CFLAGS = "-DNS_BLOCK_ASSERTIONS=1";
				SDKROOT = iphoneos;
				VALIDATE_PRODUCT = YES;
			};
			name = Release;
		};
		4B71F7BF14A5B08C00D26F4C /* Debug */ = {
			isa = XCBuildConfiguration;
			buildSettings = {
				GCC_PRECOMPILE_PREFIX_HEADER = YES;
				GCC_PREFIX_HEADER = "podster/podster-Prefix.pch";
				INFOPLIST_FILE = "podster/podster-Info.plist";
				PRODUCT_NAME = "$(TARGET_NAME)";
				WRAPPER_EXTENSION = app;
			};
			name = Debug;
		};
		4B71F7C014A5B08C00D26F4C /* Release */ = {
			isa = XCBuildConfiguration;
			buildSettings = {
				GCC_PRECOMPILE_PREFIX_HEADER = YES;
				GCC_PREFIX_HEADER = "podster/podster-Prefix.pch";
				INFOPLIST_FILE = "podster/podster-Info.plist";
				PRODUCT_NAME = "$(TARGET_NAME)";
				WRAPPER_EXTENSION = app;
			};
			name = Release;
		};
		4B71F7C214A5B08C00D26F4C /* Debug */ = {
			isa = XCBuildConfiguration;
			buildSettings = {
				BUNDLE_LOADER = "$(BUILT_PRODUCTS_DIR)/podster.app/podster";
				FRAMEWORK_SEARCH_PATHS = (
					"$(SDKROOT)/Developer/Library/Frameworks",
					"$(DEVELOPER_LIBRARY_DIR)/Frameworks",
				);
				GCC_PRECOMPILE_PREFIX_HEADER = YES;
				GCC_PREFIX_HEADER = "podster/podster-Prefix.pch";
				INFOPLIST_FILE = "podsterTests/podsterTests-Info.plist";
				PRODUCT_NAME = "$(TARGET_NAME)";
				TEST_HOST = "$(BUNDLE_LOADER)";
				WRAPPER_EXTENSION = octest;
			};
			name = Debug;
		};
		4B71F7C314A5B08C00D26F4C /* Release */ = {
			isa = XCBuildConfiguration;
			buildSettings = {
				BUNDLE_LOADER = "$(BUILT_PRODUCTS_DIR)/podster.app/podster";
				FRAMEWORK_SEARCH_PATHS = (
					"$(SDKROOT)/Developer/Library/Frameworks",
					"$(DEVELOPER_LIBRARY_DIR)/Frameworks",
				);
				GCC_PRECOMPILE_PREFIX_HEADER = YES;
				GCC_PREFIX_HEADER = "podster/podster-Prefix.pch";
				INFOPLIST_FILE = "podsterTests/podsterTests-Info.plist";
				PRODUCT_NAME = "$(TARGET_NAME)";
				TEST_HOST = "$(BUNDLE_LOADER)";
				WRAPPER_EXTENSION = octest;
			};
			name = Release;
		};
/* End XCBuildConfiguration section */

/* Begin XCConfigurationList section */
		4B71F78514A5B08C00D26F4C /* Build configuration list for PBXProject "podster" */ = {
			isa = XCConfigurationList;
			buildConfigurations = (
				4B71F7BC14A5B08C00D26F4C /* Debug */,
				4B71F7BD14A5B08C00D26F4C /* Release */,
			);
			defaultConfigurationIsVisible = 0;
			defaultConfigurationName = Release;
		};
		4B71F7BE14A5B08C00D26F4C /* Build configuration list for PBXNativeTarget "podster" */ = {
			isa = XCConfigurationList;
			buildConfigurations = (
				4B71F7BF14A5B08C00D26F4C /* Debug */,
				4B71F7C014A5B08C00D26F4C /* Release */,
			);
			defaultConfigurationIsVisible = 0;
		};
		4B71F7C114A5B08C00D26F4C /* Build configuration list for PBXNativeTarget "podsterTests" */ = {
			isa = XCConfigurationList;
			buildConfigurations = (
				4B71F7C214A5B08C00D26F4C /* Debug */,
				4B71F7C314A5B08C00D26F4C /* Release */,
			);
			defaultConfigurationIsVisible = 0;
		};
/* End XCConfigurationList section */
	};
	rootObject = 4B71F78214A5B08C00D26F4C /* Project object */;
}
