<?xml version="1.0" encoding="UTF-8"?>
<Scheme
   version = "1.7">
   <BuildAction
      parallelizeBuildables = "YES"
      buildImplicitDependencies = "YES">
      <BuildActionEntries>
         <BuildActionEntry
            buildForTesting = "YES"
            buildForRunning = "YES"
            buildForProfiling = "YES"
            buildForArchiving = "YES"
            buildForAnalyzing = "YES">
            <BuildableReference
               BuildableIdentifier = "primary"
               BlueprintIdentifier = "4B71F78A14A5B08C00D26F4C"
               BuildableName = "Podster.app"
               BlueprintName = "Podster"
               ReferencedContainer = "container:podster.xcodeproj">
            </BuildableReference>
         </BuildActionEntry>
      </BuildActionEntries>
   </BuildAction>
   <TestAction
      selectedDebuggerIdentifier = "Xcode.DebuggerFoundation.Debugger.LLDB"
      selectedLauncherIdentifier = "Xcode.DebuggerFoundation.Launcher.LLDB"
      shouldUseLaunchSchemeArgsEnv = "YES"
      buildConfiguration = "Debug">
      <Testables>
         <TestableReference
            skipped = "NO">
            <BuildableReference
               BuildableIdentifier = "primary"
               BlueprintIdentifier = "4B71F7AB14A5B08C00D26F4C"
               BuildableName = "podsterTests.octest"
               BlueprintName = "podsterTests"
               ReferencedContainer = "container:podster.xcodeproj">
            </BuildableReference>
         </TestableReference>
      </Testables>
      <MacroExpansion>
         <BuildableReference
            BuildableIdentifier = "primary"
            BlueprintIdentifier = "4B71F78A14A5B08C00D26F4C"
            BuildableName = "Podster.app"
            BlueprintName = "Podster"
            ReferencedContainer = "container:podster.xcodeproj">
         </BuildableReference>
      </MacroExpansion>
   </TestAction>
   <LaunchAction
      selectedDebuggerIdentifier = "Xcode.DebuggerFoundation.Debugger.LLDB"
      selectedLauncherIdentifier = "Xcode.DebuggerFoundation.Launcher.LLDB"
      launchStyle = "0"
      useCustomWorkingDirectory = "NO"
      buildConfiguration = "Debug"
      ignoresPersistentStateOnLaunch = "NO"
      debugDocumentVersioning = "YES"
      allowLocationSimulation = "YES">
      <BuildableProductRunnable>
         <BuildableReference
            BuildableIdentifier = "primary"
            BlueprintIdentifier = "4B71F78A14A5B08C00D26F4C"
            BuildableName = "Podster.app"
            BlueprintName = "Podster"
            ReferencedContainer = "container:podster.xcodeproj">
         </BuildableReference>
      </BuildableProductRunnable>
      <AdditionalOptions>
      </AdditionalOptions>
   </LaunchAction>
   <ProfileAction
      shouldUseLaunchSchemeArgsEnv = "YES"
      savedToolIdentifier = ""
      useCustomWorkingDirectory = "NO"
      buildConfiguration = "Release"
      debugDocumentVersioning = "YES">
      <BuildableProductRunnable>
         <BuildableReference
            BuildableIdentifier = "primary"
            BlueprintIdentifier = "4B71F78A14A5B08C00D26F4C"
            BuildableName = "Podster.app"
            BlueprintName = "Podster"
            ReferencedContainer = "container:podster.xcodeproj">
         </BuildableReference>
      </BuildableProductRunnable>
   </ProfileAction>
   <AnalyzeAction
      buildConfiguration = "Debug">
   </AnalyzeAction>
   <ArchiveAction
      buildConfiguration = "Ad_Hoc"
      revealArchiveInOrganizer = "YES">
      <PostActions>
         <ExecutionAction
            ActionType = "Xcode.IDEStandardExecutionActionsCore.ExecutionActionType.ShellScriptAction">
            <ActionContent
               title = "Run Script"
               scriptText = "#!/bin/bash&#10;#&#10;# (Above line comes out when placing in Xcode scheme)&#10;#&#10;&#10;API_TOKEN=&quot;abaaeb62dd0a911f0690b46afde2ed3d_Nzc1NzQ&quot;&#10;TEAM_TOKEN=&quot;6b271c66137f6fab967e63af81587f71_NTQ2ODMyMDEyLTAxLTE5IDE0OjU5OjM5LjU0OTg4Mw&quot;&#10;SIGNING_IDENTITY=&quot;iPhone Distribution: Development Seed&quot;&#10;PROVISIONING_PROFILE=&quot;${HOME}/Library/MobileDevice/Provisioning Profiles/MapBox Ad Hoc.mobileprovision&quot;&#10;#LOG=&quot;/tmp/testflight.log&quot;&#10;GROWL=&quot;${HOME}/bin/growlnotify -a Xcode -w&quot;&#10;&#10;DATE=$( /bin/date +&quot;%Y-%m-%d&quot; )&#10;ARCHIVE=$( /bin/ls -t &quot;${HOME}/Library/Developer/Xcode/Archives/${DATE}&quot; | /usr/bin/grep xcarchive | /usr/bin/sed -n 1p )&#10;DSYM=&quot;${HOME}/Library/Developer/Xcode/Archives/${DATE}/${ARCHIVE}/dSYMs/${PRODUCT_NAME}.app.dSYM&quot;&#10;APP=&quot;${HOME}/Library/Developer/Xcode/Archives/${DATE}/${ARCHIVE}/Products/Applications/${PRODUCT_NAME}.app&quot;&#10;&#10;#/usr/bin/open -a /Applications/Utilities/Console.app $LOG&#10;&#10;#echo -n &quot;Creating .ipa for ${PRODUCT_NAME}... &quot; &gt; $LOG&#10;echo &quot;Creating .ipa for ${PRODUCT_NAME}&quot; | ${GROWL}&#10;&#10;/bin/rm &quot;/tmp/${PRODUCT_NAME}.ipa&quot;&#10;/usr/bin/xcrun -sdk iphoneos PackageApplication -v &quot;${APP}&quot; -o &quot;/tmp/${PRODUCT_NAME}.ipa&quot; --sign &quot;${SIGNING_IDENTITY}&quot; --embed &quot;${PROVISIONING_PROFILE}&quot;&#10;&#10;#echo &quot;done.&quot; &gt;&gt; $LOG&#10;echo &quot;Created .ipa for ${PRODUCT_NAME}&quot; | ${GROWL}&#10;&#10;#echo -n &quot;Zipping .dSYM for ${PRODUCT_NAME}...&quot; &gt;&gt; $LOG&#10;echo &quot;Zipping .dSYM for ${PRODUCT_NAME}&quot; | ${GROWL}&#10;&#10;/bin/rm &quot;/tmp/${PRODUCT_NAME}.dSYM.zip&quot;&#10;/usr/bin/zip -r &quot;/tmp/${PRODUCT_NAME}.dSYM.zip&quot; &quot;${DSYM}&quot;&#10;&#10;#echo &quot;done.&quot; &gt;&gt; $LOG&#10;echo &quot;Created .dSYM for ${PRODUCT_NAME}&quot; | ${GROWL}&#10;&#10;#echo -n &quot;Uploading to TestFlight... &quot; &gt;&gt; $LOG&#10;echo &quot;Uploading to TestFlight&quot; | ${GROWL}&#10;&#10;/usr/bin/curl &quot;http://testflightapp.com/api/builds.json&quot; \&#10;-F file=@&quot;/tmp/${PRODUCT_NAME}.ipa&quot; \&#10;-F dsym=@&quot;/tmp/${PRODUCT_NAME}.dSYM.zip&quot; \&#10;-F api_token=&quot;${API_TOKEN}&quot; \&#10;-F team_token=&quot;${TEAM_TOKEN}&quot; \&#10;-F notes=&quot;Build uploaded automatically from Xcode.&quot;&#10;&#10;#echo &quot;done.&quot; &gt;&gt; $LOG&#10;echo &quot;Uploaded to TestFlight&quot; | ${GROWL} -s &amp;&amp; /usr/bin/open &quot;https://testflightapp.com/dashboard/builds/&quot;"
               shellToInvoke = "/bin/bash">
               <EnvironmentBuildable>
                  <BuildableReference
                     BuildableIdentifier = "primary"
                     BlueprintIdentifier = "4B71F78A14A5B08C00D26F4C"
                     BuildableName = "Podster.app"
                     BlueprintName = "Podster"
                     ReferencedContainer = "container:podster.xcodeproj">
                  </BuildableReference>
               </EnvironmentBuildable>
            </ActionContent>
         </ExecutionAction>
      </PostActions>
   </ArchiveAction>
</Scheme>
